
Microsoft Visual Studio Solution File, Format Version 12.00
# Visual Studio Version 17
VisualStudioVersion = 17.0.31903.59
MinimumVisualStudioVersion = 10.0.40219.1
Project("{FAE04EC0-301F-11D3-BF4B-00C04F79EFBC}") = "Api", "Api\Api.csproj", "{8C436E47-EE54-49C8-BEF6-894174B4DDE2}"
EndProject
Project("{FAE04EC0-301F-11D3-BF4B-00C04F79EFBC}") = "Api.IntegrationTests", "Api.IntegrationTests\Api.IntegrationTests.csproj", "{0A1726B6-D5D4-47CD-9DB2-E6B025FA6F6D}"
EndProject
Global
	GlobalSection(SolutionConfigurationPlatforms) = preSolution
		Debug|Any CPU = Debug|Any CPU
		Release|Any CPU = Release|Any CPU
	EndGlobalSection
	GlobalSection(SolutionProperties) = preSolution
		HideSolutionNode = FALSE
	EndGlobalSection
	GlobalSection(ProjectConfigurationPlatforms) = postSolution
		{8C436E47-EE54-49C8-BEF6-894174B4DDE2}.Debug|Any CPU.ActiveCfg = Debug|Any CPU
		{8C436E47-EE54-49C8-BEF6-894174B4DDE2}.Debug|Any CPU.Build.0 = Debug|Any CPU
		{8C436E47-EE54-49C8-BEF6-894174B4DDE2}.Release|Any CPU.ActiveCfg = Release|Any CPU
		{8C436E47-EE54-49C8-BEF6-894174B4DDE2}.Release|Any CPU.Build.0 = Release|Any CPU
		{0A1726B6-D5D4-47CD-9DB2-E6B025FA6F6D}.Debug|Any CPU.ActiveCfg = Debug|Any CPU
		{0A1726B6-D5D4-47CD-9DB2-E6B025FA6F6D}.Debug|Any CPU.Build.0 = Debug|Any CPU
		{0A1726B6-D5D4-47CD-9DB2-E6B025FA6F6D}.Release|Any CPU.ActiveCfg = Release|Any CPU
		{0A1726B6-D5D4-47CD-9DB2-E6B025FA6F6D}.Release|Any CPU.Build.0 = Release|Any CPU
	EndGlobalSection
EndGlobal
